// !$*UTF8*$!
{
	archiveVersion = 1;
	classes = {
	};
	objectVersion = 46;
	objects = {

/* Begin PBXBuildFile section */
		8A725EBC1A054FE200B5CE92 /* main.m in Sources */ = {isa = PBXBuildFile; fileRef = 8A725EBB1A054FE200B5CE92 /* main.m */; };
		8A725EBF1A054FE200B5CE92 /* AppDelegate.m in Sources */ = {isa = PBXBuildFile; fileRef = 8A725EBE1A054FE200B5CE92 /* AppDelegate.m */; };
		8A725EC21A054FE200B5CE92 /* ViewController.m in Sources */ = {isa = PBXBuildFile; fileRef = 8A725EC11A054FE200B5CE92 /* ViewController.m */; };
		8A725EC51A054FE200B5CE92 /* Main.storyboard in Resources */ = {isa = PBXBuildFile; fileRef = 8A725EC31A054FE200B5CE92 /* Main.storyboard */; };
		8A725EC71A054FE300B5CE92 /* Images.xcassets in Resources */ = {isa = PBXBuildFile; fileRef = 8A725EC61A054FE300B5CE92 /* Images.xcassets */; };
		8A725ECA1A054FE300B5CE92 /* LaunchScreen.xib in Resources */ = {isa = PBXBuildFile; fileRef = 8A725EC81A054FE300B5CE92 /* LaunchScreen.xib */; };
		8A725ED61A054FE300B5CE92 /* RobotsTests.m in Sources */ = {isa = PBXBuildFile; fileRef = 8A725ED51A054FE300B5CE92 /* RobotsTests.m */; };
/* End PBXBuildFile section */

/* Begin PBXContainerItemProxy section */
		8A725ED01A054FE300B5CE92 /* PBXContainerItemProxy */ = {
			isa = PBXContainerItemProxy;
			containerPortal = 8A725EAE1A054FE200B5CE92 /* Project object */;
			proxyType = 1;
			remoteGlobalIDString = 8A725EB51A054FE200B5CE92;
			remoteInfo = Robots;
		};
/* End PBXContainerItemProxy section */

/* Begin PBXFileReference section */
		8A725EB61A054FE200B5CE92 /* Robots.app */ = {isa = PBXFileReference; explicitFileType = wrapper.application; includeInIndex = 0; path = Robots.app; sourceTree = BUILT_PRODUCTS_DIR; };
		8A725EBA1A054FE200B5CE92 /* Info.plist */ = {isa = PBXFileReference; lastKnownFileType = text.plist.xml; path = Info.plist; sourceTree = "<group>"; };
		8A725EBB1A054FE200B5CE92 /* main.m */ = {isa = PBXFileReference; lastKnownFileType = sourcecode.c.objc; path = main.m; sourceTree = "<group>"; };
		8A725EBD1A054FE200B5CE92 /* AppDelegate.h */ = {isa = PBXFileReference; lastKnownFileType = sourcecode.c.h; path = AppDelegate.h; sourceTree = "<group>"; };
		8A725EBE1A054FE200B5CE92 /* AppDelegate.m */ = {isa = PBXFileReference; lastKnownFileType = sourcecode.c.objc; path = AppDelegate.m; sourceTree = "<group>"; };
		8A725EC01A054FE200B5CE92 /* ViewController.h */ = {isa = PBXFileReference; lastKnownFileType = sourcecode.c.h; path = ViewController.h; sourceTree = "<group>"; };
		8A725EC11A054FE200B5CE92 /* ViewController.m */ = {isa = PBXFileReference; lastKnownFileType = sourcecode.c.objc; path = ViewController.m; sourceTree = "<group>"; };
		8A725EC41A054FE200B5CE92 /* Base */ = {isa = PBXFileReference; lastKnownFileType = file.storyboard; name = Base; path = Base.lproj/Main.storyboard; sourceTree = "<group>"; };
		8A725EC61A054FE300B5CE92 /* Images.xcassets */ = {isa = PBXFileReference; lastKnownFileType = folder.assetcatalog; path = Images.xcassets; sourceTree = "<group>"; };
		8A725EC91A054FE300B5CE92 /* Base */ = {isa = PBXFileReference; lastKnownFileType = file.xib; name = Base; path = Base.lproj/LaunchScreen.xib; sourceTree = "<group>"; };
		8A725ECF1A054FE300B5CE92 /* RobotsTests.xctest */ = {isa = PBXFileReference; explicitFileType = wrapper.cfbundle; includeInIndex = 0; path = RobotsTests.xctest; sourceTree = BUILT_PRODUCTS_DIR; };
		8A725ED41A054FE300B5CE92 /* Info.plist */ = {isa = PBXFileReference; lastKnownFileType = text.plist.xml; path = Info.plist; sourceTree = "<group>"; };
		8A725ED51A054FE300B5CE92 /* RobotsTests.m */ = {isa = PBXFileReference; lastKnownFileType = sourcecode.c.objc; path = RobotsTests.m; sourceTree = "<group>"; };
/* End PBXFileReference section */

/* Begin PBXFrameworksBuildPhase section */
		8A725EB31A054FE200B5CE92 /* Frameworks */ = {
			isa = PBXFrameworksBuildPhase;
			buildActionMask = 2147483647;
			files = (
			);
			runOnlyForDeploymentPostprocessing = 0;
		};
		8A725ECC1A054FE300B5CE92 /* Frameworks */ = {
			isa = PBXFrameworksBuildPhase;
			buildActionMask = 2147483647;
			files = (
			);
			runOnlyForDeploymentPostprocessing = 0;
		};
/* End PBXFrameworksBuildPhase section */

/* Begin PBXGroup section */
		8A725EAD1A054FE100B5CE92 = {
			isa = PBXGroup;
			children = (
				8A725EB81A054FE200B5CE92 /* Robots */,
				8A725ED21A054FE300B5CE92 /* RobotsTests */,
				8A725EB71A054FE200B5CE92 /* Products */,
			);
			sourceTree = "<group>";
		};
		8A725EB71A054FE200B5CE92 /* Products */ = {
			isa = PBXGroup;
			children = (
				8A725EB61A054FE200B5CE92 /* Robots.app */,
				8A725ECF1A054FE300B5CE92 /* RobotsTests.xctest */,
			);
			name = Products;
			sourceTree = "<group>";
		};
		8A725EB81A054FE200B5CE92 /* Robots */ = {
			isa = PBXGroup;
			children = (
				8A725EBD1A054FE200B5CE92 /* AppDelegate.h */,
				8A725EBE1A054FE200B5CE92 /* AppDelegate.m */,
				8A725EC01A054FE200B5CE92 /* ViewController.h */,
				8A725EC11A054FE200B5CE92 /* ViewController.m */,
				8A725EC31A054FE200B5CE92 /* Main.storyboard */,
				8A725EC61A054FE300B5CE92 /* Images.xcassets */,
				8A725EC81A054FE300B5CE92 /* LaunchScreen.xib */,
				8A725EB91A054FE200B5CE92 /* Supporting Files */,
			);
			path = Robots;
			sourceTree = "<group>";
		};
		8A725EB91A054FE200B5CE92 /* Supporting Files */ = {
			isa = PBXGroup;
			children = (
				8A725EBA1A054FE200B5CE92 /* Info.plist */,
				8A725EBB1A054FE200B5CE92 /* main.m */,
			);
			name = "Supporting Files";
			sourceTree = "<group>";
		};
		8A725ED21A054FE300B5CE92 /* RobotsTests */ = {
			isa = PBXGroup;
			children = (
				8A725ED51A054FE300B5CE92 /* RobotsTests.m */,
				8A725ED31A054FE300B5CE92 /* Supporting Files */,
			);
			path = RobotsTests;
			sourceTree = "<group>";
		};
		8A725ED31A054FE300B5CE92 /* Supporting Files */ = {
			isa = PBXGroup;
			children = (
				8A725ED41A054FE300B5CE92 /* Info.plist */,
			);
			name = "Supporting Files";
			sourceTree = "<group>";
		};
/* End PBXGroup section */

/* Begin PBXNativeTarget section */
		8A725EB51A054FE200B5CE92 /* Robots */ = {
			isa = PBXNativeTarget;
			buildConfigurationList = 8A725ED91A054FE300B5CE92 /* Build configuration list for PBXNativeTarget "Robots" */;
			buildPhases = (
				8A725EB21A054FE200B5CE92 /* Sources */,
				8A725EB31A054FE200B5CE92 /* Frameworks */,
				8A725EB41A054FE200B5CE92 /* Resources */,
			);
			buildRules = (
			);
			dependencies = (
			);
			name = Robots;
			productName = Robots;
			productReference = 8A725EB61A054FE200B5CE92 /* Robots.app */;
			productType = "com.apple.product-type.application";
		};
		8A725ECE1A054FE300B5CE92 /* RobotsTests */ = {
			isa = PBXNativeTarget;
			buildConfigurationList = 8A725EDC1A054FE300B5CE92 /* Build configuration list for PBXNativeTarget "RobotsTests" */;
			buildPhases = (
				8A725ECB1A054FE300B5CE92 /* Sources */,
				8A725ECC1A054FE300B5CE92 /* Frameworks */,
				8A725ECD1A054FE300B5CE92 /* Resources */,
			);
			buildRules = (
			);
			dependencies = (
				8A725ED11A054FE300B5CE92 /* PBXTargetDependency */,
			);
			name = RobotsTests;
			productName = RobotsTests;
			productReference = 8A725ECF1A054FE300B5CE92 /* RobotsTests.xctest */;
			productType = "com.apple.product-type.bundle.unit-test";
		};
/* End PBXNativeTarget section */

/* Begin PBXProject section */
		8A725EAE1A054FE200B5CE92 /* Project object */ = {
			isa = PBXProject;
			attributes = {
				LastUpgradeCheck = 0610;
				ORGANIZATIONNAME = "Samah Moid";
				TargetAttributes = {
					8A725EB51A054FE200B5CE92 = {
						CreatedOnToolsVersion = 6.1;
					};
					8A725ECE1A054FE300B5CE92 = {
						CreatedOnToolsVersion = 6.1;
						TestTargetID = 8A725EB51A054FE200B5CE92;
					};
				};
			};
			buildConfigurationList = 8A725EB11A054FE200B5CE92 /* Build configuration list for PBXProject "Robots" */;
			compatibilityVersion = "Xcode 3.2";
			developmentRegion = English;
			hasScannedForEncodings = 0;
			knownRegions = (
				en,
				Base,
			);
			mainGroup = 8A725EAD1A054FE100B5CE92;
			productRefGroup = 8A725EB71A054FE200B5CE92 /* Products */;
			projectDirPath = "";
			projectRoot = "";
			targets = (
				8A725EB51A054FE200B5CE92 /* Robots */,
				8A725ECE1A054FE300B5CE92 /* RobotsTests */,
			);
		};
/* End PBXProject section */

/* Begin PBXResourcesBuildPhase section */
		8A725EB41A054FE200B5CE92 /* Resources */ = {
			isa = PBXResourcesBuildPhase;
			buildActionMask = 2147483647;
			files = (
				8A725EC51A054FE200B5CE92 /* Main.storyboard in Resources */,
				8A725ECA1A054FE300B5CE92 /* LaunchScreen.xib in Resources */,
				8A725EC71A054FE300B5CE92 /* Images.xcassets in Resources */,
			);
			runOnlyForDeploymentPostprocessing = 0;
		};
		8A725ECD1A054FE300B5CE92 /* Resources */ = {
			isa = PBXResourcesBuildPhase;
			buildActionMask = 2147483647;
			files = (
			);
			runOnlyForDeploymentPostprocessing = 0;
		};
/* End PBXResourcesBuildPhase section */

/* Begin PBXSourcesBuildPhase section */
		8A725EB21A054FE200B5CE92 /* Sources */ = {
			isa = PBXSourcesBuildPhase;
			buildActionMask = 2147483647;
			files = (
				8A725EC21A054FE200B5CE92 /* ViewController.m in Sources */,
				8A725EBF1A054FE200B5CE92 /* AppDelegate.m in Sources */,
				8A725EBC1A054FE200B5CE92 /* main.m in Sources */,
			);
			runOnlyForDeploymentPostprocessing = 0;
		};
		8A725ECB1A054FE300B5CE92 /* Sources */ = {
			isa = PBXSourcesBuildPhase;
			buildActionMask = 2147483647;
			files = (
				8A725ED61A054FE300B5CE92 /* RobotsTests.m in Sources */,
			);
			runOnlyForDeploymentPostprocessing = 0;
		};
/* End PBXSourcesBuildPhase section */

/* Begin PBXTargetDependency section */
		8A725ED11A054FE300B5CE92 /* PBXTargetDependency */ = {
			isa = PBXTargetDependency;
			target = 8A725EB51A054FE200B5CE92 /* Robots */;
			targetProxy = 8A725ED01A054FE300B5CE92 /* PBXContainerItemProxy */;
		};
/* End PBXTargetDependency section */

/* Begin PBXVariantGroup section */
		8A725EC31A054FE200B5CE92 /* Main.storyboard */ = {
			isa = PBXVariantGroup;
			children = (
				8A725EC41A054FE200B5CE92 /* Base */,
			);
			name = Main.storyboard;
			sourceTree = "<group>";
		};
		8A725EC81A054FE300B5CE92 /* LaunchScreen.xib */ = {
			isa = PBXVariantGroup;
			children = (
				8A725EC91A054FE300B5CE92 /* Base */,
			);
			name = LaunchScreen.xib;
			sourceTree = "<group>";
		};
/* End PBXVariantGroup section */

/* Begin XCBuildConfiguration section */
		8A725ED71A054FE300B5CE92 /* Debug */ = {
			isa = XCBuildConfiguration;
			buildSettings = {
				ALWAYS_SEARCH_USER_PATHS = NO;
				CLANG_CXX_LANGUAGE_STANDARD = "gnu++0x";
				CLANG_CXX_LIBRARY = "libc++";
				CLANG_ENABLE_MODULES = YES;
				CLANG_ENABLE_OBJC_ARC = YES;
				CLANG_WARN_BOOL_CONVERSION = YES;
				CLANG_WARN_CONSTANT_CONVERSION = YES;
				CLANG_WARN_DIRECT_OBJC_ISA_USAGE = YES_ERROR;
				CLANG_WARN_EMPTY_BODY = YES;
				CLANG_WARN_ENUM_CONVERSION = YES;
				CLANG_WARN_INT_CONVERSION = YES;
				CLANG_WARN_OBJC_ROOT_CLASS = YES_ERROR;
				CLANG_WARN_UNREACHABLE_CODE = YES;
				CLANG_WARN__DUPLICATE_METHOD_MATCH = YES;
				"CODE_SIGN_IDENTITY[sdk=iphoneos*]" = "iPhone Developer";
				COPY_PHASE_STRIP = NO;
				ENABLE_STRICT_OBJC_MSGSEND = YES;
				GCC_C_LANGUAGE_STANDARD = gnu99;
				GCC_DYNAMIC_NO_PIC = NO;
				GCC_OPTIMIZATION_LEVEL = 0;
				GCC_PREPROCESSOR_DEFINITIONS = (
					"DEBUG=1",
					"$(inherited)",
				);
				GCC_SYMBOLS_PRIVATE_EXTERN = NO;
				GCC_WARN_64_TO_32_BIT_CONVERSION = YES;
				GCC_WARN_ABOUT_RETURN_TYPE = YES_ERROR;
				GCC_WARN_UNDECLARED_SELECTOR = YES;
				GCC_WARN_UNINITIALIZED_AUTOS = YES_AGGRESSIVE;
				GCC_WARN_UNUSED_FUNCTION = YES;
				GCC_WARN_UNUSED_VARIABLE = YES;
				IPHONEOS_DEPLOYMENT_TARGET = 8.1;
				MTL_ENABLE_DEBUG_INFO = YES;
				ONLY_ACTIVE_ARCH = YES;
				SDKROOT = iphoneos;
				TARGETED_DEVICE_FAMILY = "1,2";
			};
			name = Debug;
		};
		8A725ED81A054FE300B5CE92 /* Release */ = {
			isa = XCBuildConfiguration;
			buildSettings = {
				ALWAYS_SEARCH_USER_PATHS = NO;
				CLANG_CXX_LANGUAGE_STANDARD = "gnu++0x";
				CLANG_CXX_LIBRARY = "libc++";
				CLANG_ENABLE_MODULES = YES;
				CLANG_ENABLE_OBJC_ARC = YES;
				CLANG_WARN_BOOL_CONVERSION = YES;
				CLANG_WARN_CONSTANT_CONVERSION = YES;
				CLANG_WARN_DIRECT_OBJC_ISA_USAGE = YES_ERROR;
				CLANG_WARN_EMPTY_BODY = YES;
				CLANG_WARN_ENUM_CONVERSION = YES;
				CLANG_WARN_INT_CONVERSION = YES;
				CLANG_WARN_OBJC_ROOT_CLASS = YES_ERROR;
				CLANG_WARN_UNREACHABLE_CODE = YES;
				CLANG_WARN__DUPLICATE_METHOD_MATCH = YES;
				"CODE_SIGN_IDENTITY[sdk=iphoneos*]" = "iPhone Developer";
				COPY_PHASE_STRIP = YES;
				ENABLE_NS_ASSERTIONS = NO;
				ENABLE_STRICT_OBJC_MSGSEND = YES;
				GCC_C_LANGUAGE_STANDARD = gnu99;
				GCC_WARN_64_TO_32_BIT_CONVERSION = YES;
				GCC_WARN_ABOUT_RETURN_TYPE = YES_ERROR;
				GCC_WARN_UNDECLARED_SELECTOR = YES;
				GCC_WARN_UNINITIALIZED_AUTOS = YES_AGGRESSIVE;
				GCC_WARN_UNUSED_FUNCTION = YES;
				GCC_WARN_UNUSED_VARIABLE = YES;
				IPHONEOS_DEPLOYMENT_TARGET = 8.1;
				MTL_ENABLE_DEBUG_INFO = NO;
				SDKROOT = iphoneos;
				TARGETED_DEVICE_FAMILY = "1,2";
				VALIDATE_PRODUCT = YES;
			};
			name = Release;
		};
		8A725EDA1A054FE300B5CE92 /* Debug */ = {
			isa = XCBuildConfiguration;
			buildSettings = {
				ASSETCATALOG_COMPILER_APPICON_NAME = AppIcon;
				INFOPLIST_FILE = Robots/Info.plist;
				LD_RUNPATH_SEARCH_PATHS = "$(inherited) @executable_path/Frameworks";
				PRODUCT_NAME = "$(TARGET_NAME)";
			};
			name = Debug;
		};
		8A725EDB1A054FE300B5CE92 /* Release */ = {
			isa = XCBuildConfiguration;
			buildSettings = {
				ASSETCATALOG_COMPILER_APPICON_NAME = AppIcon;
				INFOPLIST_FILE = Robots/Info.plist;
				LD_RUNPATH_SEARCH_PATHS = "$(inherited) @executable_path/Frameworks";
				PRODUCT_NAME = "$(TARGET_NAME)";
			};
			name = Release;
		};
		8A725EDD1A054FE300B5CE92 /* Debug */ = {
			isa = XCBuildConfiguration;
			buildSettings = {
				BUNDLE_LOADER = "$(TEST_HOST)";
				FRAMEWORK_SEARCH_PATHS = (
					"$(SDKROOT)/Developer/Library/Frameworks",
					"$(inherited)",
				);
				GCC_PREPROCESSOR_DEFINITIONS = (
					"DEBUG=1",
					"$(inherited)",
				);
				INFOPLIST_FILE = RobotsTests/Info.plist;
				LD_RUNPATH_SEARCH_PATHS = "$(inherited) @executable_path/Frameworks @loader_path/Frameworks";
				PRODUCT_NAME = "$(TARGET_NAME)";
				TEST_HOST = "$(BUILT_PRODUCTS_DIR)/Robots.app/Robots";
			};
			name = Debug;
		};
		8A725EDE1A054FE300B5CE92 /* Release */ = {
			isa = XCBuildConfiguration;
			buildSettings = {
				BUNDLE_LOADER = "$(TEST_HOST)";
				FRAMEWORK_SEARCH_PATHS = (
					"$(SDKROOT)/Developer/Library/Frameworks",
					"$(inherited)",
				);
				INFOPLIST_FILE = RobotsTests/Info.plist;
				LD_RUNPATH_SEARCH_PATHS = "$(inherited) @executable_path/Frameworks @loader_path/Frameworks";
				PRODUCT_NAME = "$(TARGET_NAME)";
				TEST_HOST = "$(BUILT_PRODUCTS_DIR)/Robots.app/Robots";
			};
			name = Release;
		};
/* End XCBuildConfiguration section */

/* Begin XCConfigurationList section */
		8A725EB11A054FE200B5CE92 /* Build configuration list for PBXProject "Robots" */ = {
			isa = XCConfigurationList;
			buildConfigurations = (
				8A725ED71A054FE300B5CE92 /* Debug */,
				8A725ED81A054FE300B5CE92 /* Release */,
			);
			defaultConfigurationIsVisible = 0;
			defaultConfigurationName = Release;
		};
		8A725ED91A054FE300B5CE92 /* Build configuration list for PBXNativeTarget "Robots" */ = {
			isa = XCConfigurationList;
			buildConfigurations = (
				8A725EDA1A054FE300B5CE92 /* Debug */,
				8A725EDB1A054FE300B5CE92 /* Release */,
			);
			defaultConfigurationIsVisible = 0;
		};
		8A725EDC1A054FE300B5CE92 /* Build configuration list for PBXNativeTarget "RobotsTests" */ = {
			isa = XCConfigurationList;
			buildConfigurations = (
				8A725EDD1A054FE300B5CE92 /* Debug */,
				8A725EDE1A054FE300B5CE92 /* Release */,
			);
			defaultConfigurationIsVisible = 0;
		};
/* End XCConfigurationList section */
	};
	rootObject = 8A725EAE1A054FE200B5CE92 /* Project object */;
}
